
Microsoft Visual Studio Solution File, Format Version 12.00
# Visual Studio Version 17
VisualStudioVersion = 17.3.32819.101
MinimumVisualStudioVersion = 10.0.40219.1
Project("{FAE04EC0-301F-11D3-BF4B-00C04F79EFBC}") = "AnagramSolver", "AnagramSolver\AnagramSolver.csproj", "{BDD70F62-472D-4A2E-85DC-BE19338442CB}"
EndProject
Global
	GlobalSection(SolutionConfigurationPlatforms) = preSolution
		Debug|Any CPU = Debug|Any CPU
		Release|Any CPU = Release|Any CPU
	EndGlobalSection
	GlobalSection(ProjectConfigurationPlatforms) = postSolution
		{BDD70F62-472D-4A2E-85DC-BE19338442CB}.Debug|Any CPU.ActiveCfg = Debug|Any CPU
		{BDD70F62-472D-4A2E-85DC-BE19338442CB}.Debug|Any CPU.Build.0 = Debug|Any CPU
		{BDD70F62-472D-4A2E-85DC-BE19338442CB}.Release|Any CPU.ActiveCfg = Release|Any CPU
		{BDD70F62-472D-4A2E-85DC-BE19338442CB}.Release|Any CPU.Build.0 = Release|Any CPU
	EndGlobalSection
	GlobalSection(SolutionProperties) = preSolution
		HideSolutionNode = FALSE
	EndGlobalSection
	GlobalSection(ExtensibilityGlobals) = postSolution
		SolutionGuid = {1930068D-863E-4B46-84B5-44376E0DA1DF}
	EndGlobalSection
EndGlobal
